{
  "requires": true,
  "lockfileVersion": 1,
  "dependencies": {
    "clipboard": {
      "version": "2.0.6",
      "resolved": "https://registry.npm.taobao.org/clipboard/download/clipboard-2.0.6.tgz",
      "integrity": "sha1-UpISlu7A/fd+rRdJQhshyWhkc3Y=",
      "requires": {
        "good-listener": "^1.2.2",
        "select": "^1.1.2",
        "tiny-emitter": "^2.0.0"
      }
    },
    "delegate": {
      "version": "3.2.0",
      "resolved": "https://registry.npm.taobao.org/delegate/download/delegate-3.2.0.tgz",
      "integrity": "sha1-tmtxwxWFIuirV0T3INjKDCr1kWY="
    },
    "good-listener": {
      "version": "1.2.2",
      "resolved": "https://registry.npm.taobao.org/good-listener/download/good-listener-1.2.2.tgz",
      "integrity": "sha1-1TswzfkxPf+33JoNR3CWqm0UXFA=",
      "requires": {
        "delegate": "^3.1.2"
      }
    },
    "select": {
      "version": "1.1.2",
      "resolved": "https://registry.npm.taobao.org/select/download/select-1.1.2.tgz",
      "integrity": "sha1-DnNQrN7ICxEIUoeG7B1EGNEbOW0="
    },
    "tiny-emitter": {
      "version": "2.1.0",
      "resolved": "https://registry.npm.taobao.org/tiny-emitter/download/tiny-emitter-2.1.0.tgz",
      "integrity": "sha1-HRpW7fxRxD6GPLtTgqcjMONVVCM="
    },
    "vue-clipboard2": {
      "version": "0.3.1",
      "resolved": "https://registry.npm.taobao.org/vue-clipboard2/download/vue-clipboard2-0.3.1.tgz",
      "integrity": "sha1-blUft704SImyiw2jsSKJ7WvKSJQ=",
      "requires": {
        "clipboard": "^2.0.0"
      }
    }
  }
}
